{
  "name": "language-tools",
  "lockfileVersion": 3,
  "requires": true,
  "packages": {
    "": {
      "name": "language-tools",
      "workspaces": [
        "packages/language-server",
        "packages/vscode"
      ]
    },
    "node_modules/@sailshq/language-server": {
      "resolved": "packages/language-server",
      "link": true
    },
    "node_modules/sails-vscode": {
      "resolved": "packages/vscode",
      "link": true
    },
    "packages/language-server": {
      "name": "@sailshq/language-server",
      "version": "0.0.0",
      "license": "MIT"
    },
    "packages/vscode": {
      "version": "0.0.0",
      "license": "MIT",
      "devDependencies": {}
    }
  }
}
